// !$*UTF8*$!
{
	archiveVersion = 1;
	classes = {
	};
	objectVersion = 50;
	objects = {

/* Begin PBXBuildFile section */
		3C9784F625F7081E00A9F205 /* Final_assignmentApp.swift in Sources */ = {isa = PBXBuildFile; fileRef = 3C9784F525F7081E00A9F205 /* Final_assignmentApp.swift */; };
		3C9784F825F7081E00A9F205 /* ContentView.swift in Sources */ = {isa = PBXBuildFile; fileRef = 3C9784F725F7081E00A9F205 /* ContentView.swift */; };
		3C9784FA25F7082200A9F205 /* Assets.xcassets in Resources */ = {isa = PBXBuildFile; fileRef = 3C9784F925F7082200A9F205 /* Assets.xcassets */; };
		3C9784FD25F7082200A9F205 /* Preview Assets.xcassets in Resources */ = {isa = PBXBuildFile; fileRef = 3C9784FC25F7082200A9F205 /* Preview Assets.xcassets */; };
		3C97850625F70B3D00A9F205 /* Lunch.swift in Sources */ = {isa = PBXBuildFile; fileRef = 3C97850525F70B3D00A9F205 /* Lunch.swift */; };
		3C97850925F70BBD00A9F205 /* Dinner.swift in Sources */ = {isa = PBXBuildFile; fileRef = 3C97850825F70BBD00A9F205 /* Dinner.swift */; };
		3C97850C25F70C1700A9F205 /* Breakfast.swift in Sources */ = {isa = PBXBuildFile; fileRef = 3C97850B25F70C1700A9F205 /* Breakfast.swift */; };
		3C97851325F70DE300A9F205 /* Dinein or Takeout.swift in Sources */ = {isa = PBXBuildFile; fileRef = 3C97851225F70DE300A9F205 /* Dinein or Takeout.swift */; };
		3C97851625F711C800A9F205 /* SearchBarView.swift in Sources */ = {isa = PBXBuildFile; fileRef = 3C97851525F711C800A9F205 /* SearchBarView.swift */; };
/* End PBXBuildFile section */

/* Begin PBXFileReference section */
		3C9784F225F7081E00A9F205 /* Final assignment.app */ = {isa = PBXFileReference; explicitFileType = wrapper.application; includeInIndex = 0; path = "Final assignment.app"; sourceTree = BUILT_PRODUCTS_DIR; };
		3C9784F525F7081E00A9F205 /* Final_assignmentApp.swift */ = {isa = PBXFileReference; lastKnownFileType = sourcecode.swift; path = Final_assignmentApp.swift; sourceTree = "<group>"; };
		3C9784F725F7081E00A9F205 /* ContentView.swift */ = {isa = PBXFileReference; lastKnownFileType = sourcecode.swift; path = ContentView.swift; sourceTree = "<group>"; };
		3C9784F925F7082200A9F205 /* Assets.xcassets */ = {isa = PBXFileReference; lastKnownFileType = folder.assetcatalog; path = Assets.xcassets; sourceTree = "<group>"; };
		3C9784FC25F7082200A9F205 /* Preview Assets.xcassets */ = {isa = PBXFileReference; lastKnownFileType = folder.assetcatalog; path = "Preview Assets.xcassets"; sourceTree = "<group>"; };
		3C9784FE25F7082200A9F205 /* Info.plist */ = {isa = PBXFileReference; lastKnownFileType = text.plist.xml; path = Info.plist; sourceTree = "<group>"; };
		3C97850525F70B3D00A9F205 /* Lunch.swift */ = {isa = PBXFileReference; lastKnownFileType = sourcecode.swift; path = Lunch.swift; sourceTree = "<group>"; };
		3C97850825F70BBD00A9F205 /* Dinner.swift */ = {isa = PBXFileReference; lastKnownFileType = sourcecode.swift; path = Dinner.swift; sourceTree = "<group>"; };
		3C97850B25F70C1700A9F205 /* Breakfast.swift */ = {isa = PBXFileReference; lastKnownFileType = sourcecode.swift; path = Breakfast.swift; sourceTree = "<group>"; };
		3C97851225F70DE300A9F205 /* Dinein or Takeout.swift */ = {isa = PBXFileReference; lastKnownFileType = sourcecode.swift; path = "Dinein or Takeout.swift"; sourceTree = "<group>"; };
		3C97851525F711C800A9F205 /* SearchBarView.swift */ = {isa = PBXFileReference; lastKnownFileType = sourcecode.swift; path = SearchBarView.swift; sourceTree = "<group>"; };
/* End PBXFileReference section */

/* Begin PBXFrameworksBuildPhase section */
		3C9784EF25F7081E00A9F205 /* Frameworks */ = {
			isa = PBXFrameworksBuildPhase;
			buildActionMask = 2147483647;
			files = (
			);
			runOnlyForDeploymentPostprocessing = 0;
		};
/* End PBXFrameworksBuildPhase section */

/* Begin PBXGroup section */
		3C9784E925F7081E00A9F205 = {
			isa = PBXGroup;
			children = (
				3C9784F425F7081E00A9F205 /* Final assignment */,
				3C9784F325F7081E00A9F205 /* Products */,
			);
			sourceTree = "<group>";
		};
		3C9784F325F7081E00A9F205 /* Products */ = {
			isa = PBXGroup;
			children = (
				3C9784F225F7081E00A9F205 /* Final assignment.app */,
			);
			name = Products;
			sourceTree = "<group>";
		};
		3C9784F425F7081E00A9F205 /* Final assignment */ = {
			isa = PBXGroup;
			children = (
				3C9784F525F7081E00A9F205 /* Final_assignmentApp.swift */,
				3C9784F725F7081E00A9F205 /* ContentView.swift */,
				3C9784F925F7082200A9F205 /* Assets.xcassets */,
				3C9784FE25F7082200A9F205 /* Info.plist */,
				3C9784FB25F7082200A9F205 /* Preview Content */,
			);
			path = "Final assignment";
			sourceTree = "<group>";
		};
		3C9784FB25F7082200A9F205 /* Preview Content */ = {
			isa = PBXGroup;
			children = (
				3C9784FC25F7082200A9F205 /* Preview Assets.xcassets */,
				3C97850525F70B3D00A9F205 /* Lunch.swift */,
				3C97850825F70BBD00A9F205 /* Dinner.swift */,
				3C97850B25F70C1700A9F205 /* Breakfast.swift */,
				3C97851225F70DE300A9F205 /* Dinein or Takeout.swift */,
				3C97851525F711C800A9F205 /* SearchBarView.swift */,
			);
			path = "Preview Content";
			sourceTree = "<group>";
		};
/* End PBXGroup section */

/* Begin PBXNativeTarget section */
		3C9784F125F7081E00A9F205 /* Final assignment */ = {
			isa = PBXNativeTarget;
			buildConfigurationList = 3C97850125F7082200A9F205 /* Build configuration list for PBXNativeTarget "Final assignment" */;
			buildPhases = (
				3C9784EE25F7081E00A9F205 /* Sources */,
				3C9784EF25F7081E00A9F205 /* Frameworks */,
				3C9784F025F7081E00A9F205 /* Resources */,
			);
			buildRules = (
			);
			dependencies = (
			);
			name = "Final assignment";
			productName = "Final assignment";
			productReference = 3C9784F225F7081E00A9F205 /* Final assignment.app */;
			productType = "com.apple.product-type.application";
		};
/* End PBXNativeTarget section */

/* Begin PBXProject section */
		3C9784EA25F7081E00A9F205 /* Project object */ = {
			isa = PBXProject;
			attributes = {
				LastSwiftUpdateCheck = 1240;
				LastUpgradeCheck = 1240;
				TargetAttributes = {
					3C9784F125F7081E00A9F205 = {
						CreatedOnToolsVersion = 12.4;
					};
				};
			};
			buildConfigurationList = 3C9784ED25F7081E00A9F205 /* Build configuration list for PBXProject "Final assignment" */;
			compatibilityVersion = "Xcode 9.3";
			developmentRegion = en;
			hasScannedForEncodings = 0;
			knownRegions = (
				en,
				Base,
			);
			mainGroup = 3C9784E925F7081E00A9F205;
			productRefGroup = 3C9784F325F7081E00A9F205 /* Products */;
			projectDirPath = "";
			projectRoot = "";
			targets = (
				3C9784F125F7081E00A9F205 /* Final assignment */,
			);
		};
/* End PBXProject section */

/* Begin PBXResourcesBuildPhase section */
		3C9784F025F7081E00A9F205 /* Resources */ = {
			isa = PBXResourcesBuildPhase;
			buildActionMask = 2147483647;
			files = (
				3C9784FD25F7082200A9F205 /* Preview Assets.xcassets in Resources */,
				3C9784FA25F7082200A9F205 /* Assets.xcassets in Resources */,
			);
			runOnlyForDeploymentPostprocessing = 0;
		};
/* End PBXResourcesBuildPhase section */

/* Begin PBXSourcesBuildPhase section */
		3C9784EE25F7081E00A9F205 /* Sources */ = {
			isa = PBXSourcesBuildPhase;
			buildActionMask = 2147483647;
			files = (
				3C9784F825F7081E00A9F205 /* ContentView.swift in Sources */,
				3C97850625F70B3D00A9F205 /* Lunch.swift in Sources */,
				3C97850C25F70C1700A9F205 /* Breakfast.swift in Sources */,
				3C97851625F711C800A9F205 /* SearchBarView.swift in Sources */,
				3C97851325F70DE300A9F205 /* Dinein or Takeout.swift in Sources */,
				3C9784F625F7081E00A9F205 /* Final_assignmentApp.swift in Sources */,
				3C97850925F70BBD00A9F205 /* Dinner.swift in Sources */,
			);
			runOnlyForDeploymentPostprocessing = 0;
		};
/* End PBXSourcesBuildPhase section */

/* Begin XCBuildConfiguration section */
		3C9784FF25F7082200A9F205 /* Debug */ = {
			isa = XCBuildConfiguration;
			buildSettings = {
				ALWAYS_SEARCH_USER_PATHS = NO;
				CLANG_ANALYZER_NONNULL = YES;
				CLANG_ANALYZER_NUMBER_OBJECT_CONVERSION = YES_AGGRESSIVE;
				CLANG_CXX_LANGUAGE_STANDARD = "gnu++14";
				CLANG_CXX_LIBRARY = "libc++";
				CLANG_ENABLE_MODULES = YES;
				CLANG_ENABLE_OBJC_ARC = YES;
				CLANG_ENABLE_OBJC_WEAK = YES;
				CLANG_WARN_BLOCK_CAPTURE_AUTORELEASING = YES;
				CLANG_WARN_BOOL_CONVERSION = YES;
				CLANG_WARN_COMMA = YES;
				CLANG_WARN_CONSTANT_CONVERSION = YES;
				CLANG_WARN_DEPRECATED_OBJC_IMPLEMENTATIONS = YES;
				CLANG_WARN_DIRECT_OBJC_ISA_USAGE = YES_ERROR;
				CLANG_WARN_DOCUMENTATION_COMMENTS = YES;
				CLANG_WARN_EMPTY_BODY = YES;
				CLANG_WARN_ENUM_CONVERSION = YES;
				CLANG_WARN_INFINITE_RECURSION = YES;
				CLANG_WARN_INT_CONVERSION = YES;
				CLANG_WARN_NON_LITERAL_NULL_CONVERSION = YES;
				CLANG_WARN_OBJC_IMPLICIT_RETAIN_SELF = YES;
				CLANG_WARN_OBJC_LITERAL_CONVERSION = YES;
				CLANG_WARN_OBJC_ROOT_CLASS = YES_ERROR;
				CLANG_WARN_QUOTED_INCLUDE_IN_FRAMEWORK_HEADER = YES;
				CLANG_WARN_RANGE_LOOP_ANALYSIS = YES;
				CLANG_WARN_STRICT_PROTOTYPES = YES;
				CLANG_WARN_SUSPICIOUS_MOVE = YES;
				CLANG_WARN_UNGUARDED_AVAILABILITY = YES_AGGRESSIVE;
				CLANG_WARN_UNREACHABLE_CODE = YES;
				CLANG_WARN__DUPLICATE_METHOD_MATCH = YES;
				COPY_PHASE_STRIP = NO;
				DEBUG_INFORMATION_FORMAT = dwarf;
				ENABLE_STRICT_OBJC_MSGSEND = YES;
				ENABLE_TESTABILITY = YES;
				GCC_C_LANGUAGE_STANDARD = gnu11;
				GCC_DYNAMIC_NO_PIC = NO;
				GCC_NO_COMMON_BLOCKS = YES;
				GCC_OPTIMIZATION_LEVEL = 0;
				GCC_PREPROCESSOR_DEFINITIONS = (
					"DEBUG=1",
					"$(inherited)",
				);
				GCC_WARN_64_TO_32_BIT_CONVERSION = YES;
				GCC_WARN_ABOUT_RETURN_TYPE = YES_ERROR;
				GCC_WARN_UNDECLARED_SELECTOR = YES;
				GCC_WARN_UNINITIALIZED_AUTOS = YES_AGGRESSIVE;
				GCC_WARN_UNUSED_FUNCTION = YES;
				GCC_WARN_UNUSED_VARIABLE = YES;
				IPHONEOS_DEPLOYMENT_TARGET = 14.4;
				MTL_ENABLE_DEBUG_INFO = INCLUDE_SOURCE;
				MTL_FAST_MATH = YES;
				ONLY_ACTIVE_ARCH = YES;
				SDKROOT = iphoneos;
				SWIFT_ACTIVE_COMPILATION_CONDITIONS = DEBUG;
				SWIFT_OPTIMIZATION_LEVEL = "-Onone";
			};
			name = Debug;
		};
		3C97850025F7082200A9F205 /* Release */ = {
			isa = XCBuildConfiguration;
			buildSettings = {
				ALWAYS_SEARCH_USER_PATHS = NO;
				CLANG_ANALYZER_NONNULL = YES;
				CLANG_ANALYZER_NUMBER_OBJECT_CONVERSION = YES_AGGRESSIVE;
				CLANG_CXX_LANGUAGE_STANDARD = "gnu++14";
				CLANG_CXX_LIBRARY = "libc++";
				CLANG_ENABLE_MODULES = YES;
				CLANG_ENABLE_OBJC_ARC = YES;
				CLANG_ENABLE_OBJC_WEAK = YES;
				CLANG_WARN_BLOCK_CAPTURE_AUTORELEASING = YES;
				CLANG_WARN_BOOL_CONVERSION = YES;
				CLANG_WARN_COMMA = YES;
				CLANG_WARN_CONSTANT_CONVERSION = YES;
				CLANG_WARN_DEPRECATED_OBJC_IMPLEMENTATIONS = YES;
				CLANG_WARN_DIRECT_OBJC_ISA_USAGE = YES_ERROR;
				CLANG_WARN_DOCUMENTATION_COMMENTS = YES;
				CLANG_WARN_EMPTY_BODY = YES;
				CLANG_WARN_ENUM_CONVERSION = YES;
				CLANG_WARN_INFINITE_RECURSION = YES;
				CLANG_WARN_INT_CONVERSION = YES;
				CLANG_WARN_NON_LITERAL_NULL_CONVERSION = YES;
				CLANG_WARN_OBJC_IMPLICIT_RETAIN_SELF = YES;
				CLANG_WARN_OBJC_LITERAL_CONVERSION = YES;
				CLANG_WARN_OBJC_ROOT_CLASS = YES_ERROR;
				CLANG_WARN_QUOTED_INCLUDE_IN_FRAMEWORK_HEADER = YES;
				CLANG_WARN_RANGE_LOOP_ANALYSIS = YES;
				CLANG_WARN_STRICT_PROTOTYPES = YES;
				CLANG_WARN_SUSPICIOUS_MOVE = YES;
				CLANG_WARN_UNGUARDED_AVAILABILITY = YES_AGGRESSIVE;
				CLANG_WARN_UNREACHABLE_CODE = YES;
				CLANG_WARN__DUPLICATE_METHOD_MATCH = YES;
				COPY_PHASE_STRIP = NO;
				DEBUG_INFORMATION_FORMAT = "dwarf-with-dsym";
				ENABLE_NS_ASSERTIONS = NO;
				ENABLE_STRICT_OBJC_MSGSEND = YES;
				GCC_C_LANGUAGE_STANDARD = gnu11;
				GCC_NO_COMMON_BLOCKS = YES;
				GCC_WARN_64_TO_32_BIT_CONVERSION = YES;
				GCC_WARN_ABOUT_RETURN_TYPE = YES_ERROR;
				GCC_WARN_UNDECLARED_SELECTOR = YES;
				GCC_WARN_UNINITIALIZED_AUTOS = YES_AGGRESSIVE;
				GCC_WARN_UNUSED_FUNCTION = YES;
				GCC_WARN_UNUSED_VARIABLE = YES;
				IPHONEOS_DEPLOYMENT_TARGET = 14.4;
				MTL_ENABLE_DEBUG_INFO = NO;
				MTL_FAST_MATH = YES;
				SDKROOT = iphoneos;
				SWIFT_COMPILATION_MODE = wholemodule;
				SWIFT_OPTIMIZATION_LEVEL = "-O";
				VALIDATE_PRODUCT = YES;
			};
			name = Release;
		};
		3C97850225F7082200A9F205 /* Debug */ = {
			isa = XCBuildConfiguration;
			buildSettings = {
				ASSETCATALOG_COMPILER_APPICON_NAME = AppIcon;
				ASSETCATALOG_COMPILER_GLOBAL_ACCENT_COLOR_NAME = AccentColor;
				CODE_SIGN_STYLE = Automatic;
				DEVELOPMENT_ASSET_PATHS = "\"Final assignment/Preview Content\"";
				DEVELOPMENT_TEAM = 2PUY3827Z7;
				ENABLE_PREVIEWS = YES;
				INFOPLIST_FILE = "Final assignment/Info.plist";
				IPHONEOS_DEPLOYMENT_TARGET = 14.0;
				LD_RUNPATH_SEARCH_PATHS = (
					"$(inherited)",
					"@executable_path/Frameworks",
				);
				PRODUCT_BUNDLE_IDENTIFIER = "ca.yiningwang.Final-assignment";
				PRODUCT_NAME = "$(TARGET_NAME)";
				SWIFT_VERSION = 5.0;
				TARGETED_DEVICE_FAMILY = "1,2";
			};
			name = Debug;
		};
		3C97850325F7082200A9F205 /* Release */ = {
			isa = XCBuildConfiguration;
			buildSettings = {
				ASSETCATALOG_COMPILER_APPICON_NAME = AppIcon;
				ASSETCATALOG_COMPILER_GLOBAL_ACCENT_COLOR_NAME = AccentColor;
				CODE_SIGN_STYLE = Automatic;
				DEVELOPMENT_ASSET_PATHS = "\"Final assignment/Preview Content\"";
				DEVELOPMENT_TEAM = 2PUY3827Z7;
				ENABLE_PREVIEWS = YES;
				INFOPLIST_FILE = "Final assignment/Info.plist";
				IPHONEOS_DEPLOYMENT_TARGET = 14.0;
				LD_RUNPATH_SEARCH_PATHS = (
					"$(inherited)",
					"@executable_path/Frameworks",
				);
				PRODUCT_BUNDLE_IDENTIFIER = "ca.yiningwang.Final-assignment";
				PRODUCT_NAME = "$(TARGET_NAME)";
				SWIFT_VERSION = 5.0;
				TARGETED_DEVICE_FAMILY = "1,2";
			};
			name = Release;
		};
/* End XCBuildConfiguration section */

/* Begin XCConfigurationList section */
		3C9784ED25F7081E00A9F205 /* Build configuration list for PBXProject "Final assignment" */ = {
			isa = XCConfigurationList;
			buildConfigurations = (
				3C9784FF25F7082200A9F205 /* Debug */,
				3C97850025F7082200A9F205 /* Release */,
			);
			defaultConfigurationIsVisible = 0;
			defaultConfigurationName = Release;
		};
		3C97850125F7082200A9F205 /* Build configuration list for PBXNativeTarget "Final assignment" */ = {
			isa = XCConfigurationList;
			buildConfigurations = (
				3C97850225F7082200A9F205 /* Debug */,
				3C97850325F7082200A9F205 /* Release */,
			);
			defaultConfigurationIsVisible = 0;
			defaultConfigurationName = Release;
		};
/* End XCConfigurationList section */
	};
	rootObject = 3C9784EA25F7081E00A9F205 /* Project object */;
}
